
Microsoft Visual Studio Solution File, Format Version 12.00
# Visual Studio Version 17
VisualStudioVersion = 17.5.002.0
MinimumVisualStudioVersion = 10.0.40219.1
Project("{2150E333-8FDC-42A3-9474-1A3956D46DE8}") = "src", "src", "{6896B01B-35EB-4F70-A494-222BCA42C8C0}"
EndProject
Project("{2150E333-8FDC-42A3-9474-1A3956D46DE8}") = "Foundation", "Foundation", "{DD0C7BB8-9C83-4119-B9C4-6D99035AE010}"
EndProject
Project("{2150E333-8FDC-42A3-9474-1A3956D46DE8}") = "Exercise", "Exercise", "{9B1C6AA9-BBB5-4647-93C5-1FCA7358DE04}"
EndProject
Project("{2150E333-8FDC-42A3-9474-1A3956D46DE8}") = "1", "1", "{25FD6E26-1030-4C55-B615-E4AE4C7260C2}"
EndProject
Project("{9A19103F-16F7-4668-BE54-9A1E7A4F7556}") = "HelloWorld", "src\Foundation\Exercise\1\HelloWorld\HelloWorld.csproj", "{526199FD-37B3-4DB3-B567-5BA0914743DF}"
EndProject
Project("{9A19103F-16F7-4668-BE54-9A1E7A4F7556}") = "UserInput", "src\Foundation\Exercise\1\UserInput\UserInput.csproj", "{DF22D6DF-F1A0-4503-8F91-6E57E0460B09}"
EndProject
Project("{2150E333-8FDC-42A3-9474-1A3956D46DE8}") = "2", "2", "{4BA989DA-5971-4534-9D7A-5030222F2146}"
EndProject
Project("{9A19103F-16F7-4668-BE54-9A1E7A4F7556}") = "TypeConversion", "src\Foundation\Exercise\2\TypeConversion\TypeConversion.csproj", "{0649F919-7478-4575-8219-0979913EBD89}"
EndProject
Project("{9A19103F-16F7-4668-BE54-9A1E7A4F7556}") = "Variables", "src\Foundation\Exercise\2\Variables\Variables.csproj", "{2DBDEC38-3778-43AE-8B76-F19954D84D63}"
EndProject
Project("{2150E333-8FDC-42A3-9474-1A3956D46DE8}") = "3", "3", "{F5C1DC09-14E4-47CA-A3F7-C9D3220E2E40}"
EndProject
Project("{9A19103F-16F7-4668-BE54-9A1E7A4F7556}") = "Conditionals", "src\Foundation\Exercise\3\Conditionals\Conditionals.csproj", "{AE5DAE10-1D01-4052-A0F4-0E353056D379}"
EndProject
Project("{2150E333-8FDC-42A3-9474-1A3956D46DE8}") = "4", "4", "{42D76DBB-9622-4251-87E2-B337A849BBF9}"
EndProject
Project("{9A19103F-16F7-4668-BE54-9A1E7A4F7556}") = "Arrays", "src\Foundation\Exercise\4\Arrays\Arrays.csproj", "{17E6D64F-F624-44D4-BD46-4CCE6517A2F7}"
EndProject
Project("{9A19103F-16F7-4668-BE54-9A1E7A4F7556}") = "Dictionaries", "src\Foundation\Exercise\4\Dictionaries\Dictionaries.csproj", "{F214764F-7435-4706-8E3C-892CF03B8FA0}"
EndProject
Project("{9A19103F-16F7-4668-BE54-9A1E7A4F7556}") = "Lists", "src\Foundation\Exercise\4\Lists\Lists.csproj", "{054B565F-7876-4D89-BD65-5B73CF85CE5C}"
EndProject
Project("{2150E333-8FDC-42A3-9474-1A3956D46DE8}") = "5", "5", "{B0D629AF-59A2-48E3-A2BC-8522AB4FEE15}"
EndProject
Project("{9A19103F-16F7-4668-BE54-9A1E7A4F7556}") = "Strings", "src\Foundation\Exercise\5\Strings\Strings.csproj", "{554932DB-E71D-46A6-8243-5141CBCEE50A}"
EndProject
Project("{2150E333-8FDC-42A3-9474-1A3956D46DE8}") = "6", "6", "{833AA094-915E-4A64-9206-CC75D47F4BBC}"
EndProject
Project("{9A19103F-16F7-4668-BE54-9A1E7A4F7556}") = "ForeachLoops", "src\Foundation\Exercise\6\ForeachLoops\ForeachLoops.csproj", "{6DE084B2-F647-4C86-B011-FFF1EACFC9F5}"
EndProject
Project("{9A19103F-16F7-4668-BE54-9A1E7A4F7556}") = "ForLoops", "src\Foundation\Exercise\6\ForLoops\ForLoops.csproj", "{83C49010-11B3-437D-AB0D-65E4C7B84647}"
EndProject
Project("{9A19103F-16F7-4668-BE54-9A1E7A4F7556}") = "WhileLoops", "src\Foundation\Exercise\6\WhileLoops\WhileLoops.csproj", "{E5AC0CBE-C82F-4174-B59F-40AF016E80E1}"
EndProject
Project("{2150E333-8FDC-42A3-9474-1A3956D46DE8}") = "7", "7", "{5034A316-0C8D-41E7-835D-37F76D9FA020}"
EndProject
Project("{9A19103F-16F7-4668-BE54-9A1E7A4F7556}") = "BasicClasses", "src\Foundation\Exercise\7\BasicClasses\BasicClasses.csproj", "{2F293EC4-AE66-4D34-BF5B-5DB49BBFE303}"
EndProject
Project("{9A19103F-16F7-4668-BE54-9A1E7A4F7556}") = "Methods", "src\Foundation\Exercise\7\Methods\Methods.csproj", "{4C81C5FF-5DB7-4CCD-B018-B900FD9CA87F}"
EndProject
Project("{2150E333-8FDC-42A3-9474-1A3956D46DE8}") = "8", "8", "{BDC76F2B-354B-465E-882E-405D9B7A901F}"
EndProject
Project("{9A19103F-16F7-4668-BE54-9A1E7A4F7556}") = "ClassProperties", "src\Foundation\Exercise\8\ClassProperties\ClassProperties.csproj", "{02E64DAF-EE05-42B5-8353-97AD7B133843}"
EndProject
Project("{9A19103F-16F7-4668-BE54-9A1E7A4F7556}") = "ClassVariables", "src\Foundation\Exercise\8\ClassVariables\ClassVariables.csproj", "{94B2D5FD-0FC8-4E5A-A2BB-E0DFC94E05BB}"
EndProject
Project("{2150E333-8FDC-42A3-9474-1A3956D46DE8}") = "9", "9", "{2ED9F3F7-13C2-4840-853D-3C9E943920D1}"
EndProject
Project("{9A19103F-16F7-4668-BE54-9A1E7A4F7556}") = "CodingChallenge", "src\Foundation\Exercise\9\CodingChallenge\CodingChallenge.csproj", "{F404EFD1-C074-4DB6-A391-82248CD4730C}"
EndProject
Global
	GlobalSection(SolutionConfigurationPlatforms) = preSolution
		Debug|Any CPU = Debug|Any CPU
		Release|Any CPU = Release|Any CPU
	EndGlobalSection
	GlobalSection(ProjectConfigurationPlatforms) = postSolution
		{526199FD-37B3-4DB3-B567-5BA0914743DF}.Debug|Any CPU.ActiveCfg = Debug|Any CPU
		{526199FD-37B3-4DB3-B567-5BA0914743DF}.Debug|Any CPU.Build.0 = Debug|Any CPU
		{526199FD-37B3-4DB3-B567-5BA0914743DF}.Release|Any CPU.ActiveCfg = Release|Any CPU
		{526199FD-37B3-4DB3-B567-5BA0914743DF}.Release|Any CPU.Build.0 = Release|Any CPU
		{DF22D6DF-F1A0-4503-8F91-6E57E0460B09}.Debug|Any CPU.ActiveCfg = Debug|Any CPU
		{DF22D6DF-F1A0-4503-8F91-6E57E0460B09}.Debug|Any CPU.Build.0 = Debug|Any CPU
		{DF22D6DF-F1A0-4503-8F91-6E57E0460B09}.Release|Any CPU.ActiveCfg = Release|Any CPU
		{DF22D6DF-F1A0-4503-8F91-6E57E0460B09}.Release|Any CPU.Build.0 = Release|Any CPU
		{0649F919-7478-4575-8219-0979913EBD89}.Debug|Any CPU.ActiveCfg = Debug|Any CPU
		{0649F919-7478-4575-8219-0979913EBD89}.Debug|Any CPU.Build.0 = Debug|Any CPU
		{0649F919-7478-4575-8219-0979913EBD89}.Release|Any CPU.ActiveCfg = Release|Any CPU
		{0649F919-7478-4575-8219-0979913EBD89}.Release|Any CPU.Build.0 = Release|Any CPU
		{2DBDEC38-3778-43AE-8B76-F19954D84D63}.Debug|Any CPU.ActiveCfg = Debug|Any CPU
		{2DBDEC38-3778-43AE-8B76-F19954D84D63}.Debug|Any CPU.Build.0 = Debug|Any CPU
		{2DBDEC38-3778-43AE-8B76-F19954D84D63}.Release|Any CPU.ActiveCfg = Release|Any CPU
		{2DBDEC38-3778-43AE-8B76-F19954D84D63}.Release|Any CPU.Build.0 = Release|Any CPU
		{AE5DAE10-1D01-4052-A0F4-0E353056D379}.Debug|Any CPU.ActiveCfg = Debug|Any CPU
		{AE5DAE10-1D01-4052-A0F4-0E353056D379}.Debug|Any CPU.Build.0 = Debug|Any CPU
		{AE5DAE10-1D01-4052-A0F4-0E353056D379}.Release|Any CPU.ActiveCfg = Release|Any CPU
		{AE5DAE10-1D01-4052-A0F4-0E353056D379}.Release|Any CPU.Build.0 = Release|Any CPU
		{17E6D64F-F624-44D4-BD46-4CCE6517A2F7}.Debug|Any CPU.ActiveCfg = Debug|Any CPU
		{17E6D64F-F624-44D4-BD46-4CCE6517A2F7}.Debug|Any CPU.Build.0 = Debug|Any CPU
		{17E6D64F-F624-44D4-BD46-4CCE6517A2F7}.Release|Any CPU.ActiveCfg = Release|Any CPU
		{17E6D64F-F624-44D4-BD46-4CCE6517A2F7}.Release|Any CPU.Build.0 = Release|Any CPU
		{F214764F-7435-4706-8E3C-892CF03B8FA0}.Debug|Any CPU.ActiveCfg = Debug|Any CPU
		{F214764F-7435-4706-8E3C-892CF03B8FA0}.Debug|Any CPU.Build.0 = Debug|Any CPU
		{F214764F-7435-4706-8E3C-892CF03B8FA0}.Release|Any CPU.ActiveCfg = Release|Any CPU
		{F214764F-7435-4706-8E3C-892CF03B8FA0}.Release|Any CPU.Build.0 = Release|Any CPU
		{054B565F-7876-4D89-BD65-5B73CF85CE5C}.Debug|Any CPU.ActiveCfg = Debug|Any CPU
		{054B565F-7876-4D89-BD65-5B73CF85CE5C}.Debug|Any CPU.Build.0 = Debug|Any CPU
		{054B565F-7876-4D89-BD65-5B73CF85CE5C}.Release|Any CPU.ActiveCfg = Release|Any CPU
		{054B565F-7876-4D89-BD65-5B73CF85CE5C}.Release|Any CPU.Build.0 = Release|Any CPU
		{554932DB-E71D-46A6-8243-5141CBCEE50A}.Debug|Any CPU.ActiveCfg = Debug|Any CPU
		{554932DB-E71D-46A6-8243-5141CBCEE50A}.Debug|Any CPU.Build.0 = Debug|Any CPU
		{554932DB-E71D-46A6-8243-5141CBCEE50A}.Release|Any CPU.ActiveCfg = Release|Any CPU
		{554932DB-E71D-46A6-8243-5141CBCEE50A}.Release|Any CPU.Build.0 = Release|Any CPU
		{6DE084B2-F647-4C86-B011-FFF1EACFC9F5}.Debug|Any CPU.ActiveCfg = Debug|Any CPU
		{6DE084B2-F647-4C86-B011-FFF1EACFC9F5}.Debug|Any CPU.Build.0 = Debug|Any CPU
		{6DE084B2-F647-4C86-B011-FFF1EACFC9F5}.Release|Any CPU.ActiveCfg = Release|Any CPU
		{6DE084B2-F647-4C86-B011-FFF1EACFC9F5}.Release|Any CPU.Build.0 = Release|Any CPU
		{83C49010-11B3-437D-AB0D-65E4C7B84647}.Debug|Any CPU.ActiveCfg = Debug|Any CPU
		{83C49010-11B3-437D-AB0D-65E4C7B84647}.Debug|Any CPU.Build.0 = Debug|Any CPU
		{83C49010-11B3-437D-AB0D-65E4C7B84647}.Release|Any CPU.ActiveCfg = Release|Any CPU
		{83C49010-11B3-437D-AB0D-65E4C7B84647}.Release|Any CPU.Build.0 = Release|Any CPU
		{E5AC0CBE-C82F-4174-B59F-40AF016E80E1}.Debug|Any CPU.ActiveCfg = Debug|Any CPU
		{E5AC0CBE-C82F-4174-B59F-40AF016E80E1}.Debug|Any CPU.Build.0 = Debug|Any CPU
		{E5AC0CBE-C82F-4174-B59F-40AF016E80E1}.Release|Any CPU.ActiveCfg = Release|Any CPU
		{E5AC0CBE-C82F-4174-B59F-40AF016E80E1}.Release|Any CPU.Build.0 = Release|Any CPU
		{2F293EC4-AE66-4D34-BF5B-5DB49BBFE303}.Debug|Any CPU.ActiveCfg = Debug|Any CPU
		{2F293EC4-AE66-4D34-BF5B-5DB49BBFE303}.Debug|Any CPU.Build.0 = Debug|Any CPU
		{2F293EC4-AE66-4D34-BF5B-5DB49BBFE303}.Release|Any CPU.ActiveCfg = Release|Any CPU
		{2F293EC4-AE66-4D34-BF5B-5DB49BBFE303}.Release|Any CPU.Build.0 = Release|Any CPU
		{4C81C5FF-5DB7-4CCD-B018-B900FD9CA87F}.Debug|Any CPU.ActiveCfg = Debug|Any CPU
		{4C81C5FF-5DB7-4CCD-B018-B900FD9CA87F}.Debug|Any CPU.Build.0 = Debug|Any CPU
		{4C81C5FF-5DB7-4CCD-B018-B900FD9CA87F}.Release|Any CPU.ActiveCfg = Release|Any CPU
		{4C81C5FF-5DB7-4CCD-B018-B900FD9CA87F}.Release|Any CPU.Build.0 = Release|Any CPU
		{02E64DAF-EE05-42B5-8353-97AD7B133843}.Debug|Any CPU.ActiveCfg = Debug|Any CPU
		{02E64DAF-EE05-42B5-8353-97AD7B133843}.Debug|Any CPU.Build.0 = Debug|Any CPU
		{02E64DAF-EE05-42B5-8353-97AD7B133843}.Release|Any CPU.ActiveCfg = Release|Any CPU
		{02E64DAF-EE05-42B5-8353-97AD7B133843}.Release|Any CPU.Build.0 = Release|Any CPU
		{94B2D5FD-0FC8-4E5A-A2BB-E0DFC94E05BB}.Debug|Any CPU.ActiveCfg = Debug|Any CPU
		{94B2D5FD-0FC8-4E5A-A2BB-E0DFC94E05BB}.Debug|Any CPU.Build.0 = Debug|Any CPU
		{94B2D5FD-0FC8-4E5A-A2BB-E0DFC94E05BB}.Release|Any CPU.ActiveCfg = Release|Any CPU
		{94B2D5FD-0FC8-4E5A-A2BB-E0DFC94E05BB}.Release|Any CPU.Build.0 = Release|Any CPU
		{F404EFD1-C074-4DB6-A391-82248CD4730C}.Debug|Any CPU.ActiveCfg = Debug|Any CPU
		{F404EFD1-C074-4DB6-A391-82248CD4730C}.Debug|Any CPU.Build.0 = Debug|Any CPU
		{F404EFD1-C074-4DB6-A391-82248CD4730C}.Release|Any CPU.ActiveCfg = Release|Any CPU
		{F404EFD1-C074-4DB6-A391-82248CD4730C}.Release|Any CPU.Build.0 = Release|Any CPU
	EndGlobalSection
	GlobalSection(SolutionProperties) = preSolution
		HideSolutionNode = FALSE
	EndGlobalSection
	GlobalSection(NestedProjects) = preSolution
		{DD0C7BB8-9C83-4119-B9C4-6D99035AE010} = {6896B01B-35EB-4F70-A494-222BCA42C8C0}
		{9B1C6AA9-BBB5-4647-93C5-1FCA7358DE04} = {DD0C7BB8-9C83-4119-B9C4-6D99035AE010}
		{25FD6E26-1030-4C55-B615-E4AE4C7260C2} = {9B1C6AA9-BBB5-4647-93C5-1FCA7358DE04}
		{526199FD-37B3-4DB3-B567-5BA0914743DF} = {25FD6E26-1030-4C55-B615-E4AE4C7260C2}
		{DF22D6DF-F1A0-4503-8F91-6E57E0460B09} = {25FD6E26-1030-4C55-B615-E4AE4C7260C2}
		{4BA989DA-5971-4534-9D7A-5030222F2146} = {9B1C6AA9-BBB5-4647-93C5-1FCA7358DE04}
		{0649F919-7478-4575-8219-0979913EBD89} = {4BA989DA-5971-4534-9D7A-5030222F2146}
		{2DBDEC38-3778-43AE-8B76-F19954D84D63} = {4BA989DA-5971-4534-9D7A-5030222F2146}
		{F5C1DC09-14E4-47CA-A3F7-C9D3220E2E40} = {9B1C6AA9-BBB5-4647-93C5-1FCA7358DE04}
		{AE5DAE10-1D01-4052-A0F4-0E353056D379} = {F5C1DC09-14E4-47CA-A3F7-C9D3220E2E40}
		{42D76DBB-9622-4251-87E2-B337A849BBF9} = {9B1C6AA9-BBB5-4647-93C5-1FCA7358DE04}
		{17E6D64F-F624-44D4-BD46-4CCE6517A2F7} = {42D76DBB-9622-4251-87E2-B337A849BBF9}
		{F214764F-7435-4706-8E3C-892CF03B8FA0} = {42D76DBB-9622-4251-87E2-B337A849BBF9}
		{054B565F-7876-4D89-BD65-5B73CF85CE5C} = {42D76DBB-9622-4251-87E2-B337A849BBF9}
		{B0D629AF-59A2-48E3-A2BC-8522AB4FEE15} = {9B1C6AA9-BBB5-4647-93C5-1FCA7358DE04}
		{554932DB-E71D-46A6-8243-5141CBCEE50A} = {B0D629AF-59A2-48E3-A2BC-8522AB4FEE15}
		{833AA094-915E-4A64-9206-CC75D47F4BBC} = {9B1C6AA9-BBB5-4647-93C5-1FCA7358DE04}
		{6DE084B2-F647-4C86-B011-FFF1EACFC9F5} = {833AA094-915E-4A64-9206-CC75D47F4BBC}
		{83C49010-11B3-437D-AB0D-65E4C7B84647} = {833AA094-915E-4A64-9206-CC75D47F4BBC}
		{E5AC0CBE-C82F-4174-B59F-40AF016E80E1} = {833AA094-915E-4A64-9206-CC75D47F4BBC}
		{5034A316-0C8D-41E7-835D-37F76D9FA020} = {9B1C6AA9-BBB5-4647-93C5-1FCA7358DE04}
		{2F293EC4-AE66-4D34-BF5B-5DB49BBFE303} = {5034A316-0C8D-41E7-835D-37F76D9FA020}
		{4C81C5FF-5DB7-4CCD-B018-B900FD9CA87F} = {5034A316-0C8D-41E7-835D-37F76D9FA020}
		{BDC76F2B-354B-465E-882E-405D9B7A901F} = {9B1C6AA9-BBB5-4647-93C5-1FCA7358DE04}
		{02E64DAF-EE05-42B5-8353-97AD7B133843} = {BDC76F2B-354B-465E-882E-405D9B7A901F}
		{94B2D5FD-0FC8-4E5A-A2BB-E0DFC94E05BB} = {BDC76F2B-354B-465E-882E-405D9B7A901F}
		{2ED9F3F7-13C2-4840-853D-3C9E943920D1} = {9B1C6AA9-BBB5-4647-93C5-1FCA7358DE04}
		{F404EFD1-C074-4DB6-A391-82248CD4730C} = {2ED9F3F7-13C2-4840-853D-3C9E943920D1}
	EndGlobalSection
	GlobalSection(ExtensibilityGlobals) = postSolution
		SolutionGuid = {CB28684F-3E5F-429A-899C-C7A901E6A955}
	EndGlobalSection
EndGlobal
